
Microsoft Visual Studio Solution File, Format Version 12.00
# Visual Studio Version 17
VisualStudioVersion = 17.7.34202.233
MinimumVisualStudioVersion = 10.0.40219.1
Project("{FAE04EC0-301F-11D3-BF4B-00C04F79EFBC}") = "Marcu_Bogdan_Lab2", "Marcu_Bogdan_Lab2.csproj", "{CF9959ED-8DDB-40FD-9A92-E6037E7C3CC3}"
EndProject
Global
	GlobalSection(SolutionConfigurationPlatforms) = preSolution
		Debug|Any CPU = Debug|Any CPU
		Release|Any CPU = Release|Any CPU
	EndGlobalSection
	GlobalSection(ProjectConfigurationPlatforms) = postSolution
		{CF9959ED-8DDB-40FD-9A92-E6037E7C3CC3}.Debug|Any CPU.ActiveCfg = Debug|Any CPU
		{CF9959ED-8DDB-40FD-9A92-E6037E7C3CC3}.Debug|Any CPU.Build.0 = Debug|Any CPU
		{CF9959ED-8DDB-40FD-9A92-E6037E7C3CC3}.Release|Any CPU.ActiveCfg = Release|Any CPU
		{CF9959ED-8DDB-40FD-9A92-E6037E7C3CC3}.Release|Any CPU.Build.0 = Release|Any CPU
	EndGlobalSection
	GlobalSection(SolutionProperties) = preSolution
		HideSolutionNode = FALSE
	EndGlobalSection
	GlobalSection(ExtensibilityGlobals) = postSolution
		SolutionGuid = {2F6F89AE-1E60-4947-A939-A5D800A619F2}
	EndGlobalSection
EndGlobal
